
Microsoft Visual Studio Solution File, Format Version 12.00
# Visual Studio Version 16
VisualStudioVersion = 16.0.29709.97
MinimumVisualStudioVersion = 10.0.40219.1
Project("{9A19103F-16F7-4668-BE54-9A1E7A4F7556}") = "Web.SchedulerService", "SchedulerService\Web.SchedulerService.csproj", "{087A573E-D276-415B-A7DF-F771A51F65C0}"
EndProject
Project("{9A19103F-16F7-4668-BE54-9A1E7A4F7556}") = "Web.EntityData", "EntityData\Web.EntityData.csproj", "{A202AC22-AE93-44C3-8C39-4467B7F21B81}"
EndProject
Project("{9A19103F-16F7-4668-BE54-9A1E7A4F7556}") = "Web.DispenserClient", "Web.DispenserClient\Web.DispenserClient.csproj", "{D177B9B1-AA63-4091-8AA3-946838B8C5FE}"
EndProject
Project("{9A19103F-16F7-4668-BE54-9A1E7A4F7556}") = "Web.Models", "Web.Models\Web.Models.csproj", "{D8913A1B-BA2C-4A41-99C3-BC5E6902AE46}"
EndProject
Global
	GlobalSection(SolutionConfigurationPlatforms) = preSolution
		Debug|Any CPU = Debug|Any CPU
		Release|Any CPU = Release|Any CPU
	EndGlobalSection
	GlobalSection(ProjectConfigurationPlatforms) = postSolution
		{087A573E-D276-415B-A7DF-F771A51F65C0}.Debug|Any CPU.ActiveCfg = Debug|Any CPU
		{087A573E-D276-415B-A7DF-F771A51F65C0}.Debug|Any CPU.Build.0 = Debug|Any CPU
		{087A573E-D276-415B-A7DF-F771A51F65C0}.Release|Any CPU.ActiveCfg = Release|Any CPU
		{087A573E-D276-415B-A7DF-F771A51F65C0}.Release|Any CPU.Build.0 = Release|Any CPU
		{A202AC22-AE93-44C3-8C39-4467B7F21B81}.Debug|Any CPU.ActiveCfg = Debug|Any CPU
		{A202AC22-AE93-44C3-8C39-4467B7F21B81}.Debug|Any CPU.Build.0 = Debug|Any CPU
		{A202AC22-AE93-44C3-8C39-4467B7F21B81}.Release|Any CPU.ActiveCfg = Release|Any CPU
		{A202AC22-AE93-44C3-8C39-4467B7F21B81}.Release|Any CPU.Build.0 = Release|Any CPU
		{D177B9B1-AA63-4091-8AA3-946838B8C5FE}.Debug|Any CPU.ActiveCfg = Debug|Any CPU
		{D177B9B1-AA63-4091-8AA3-946838B8C5FE}.Debug|Any CPU.Build.0 = Debug|Any CPU
		{D177B9B1-AA63-4091-8AA3-946838B8C5FE}.Release|Any CPU.ActiveCfg = Release|Any CPU
		{D177B9B1-AA63-4091-8AA3-946838B8C5FE}.Release|Any CPU.Build.0 = Release|Any CPU
		{D8913A1B-BA2C-4A41-99C3-BC5E6902AE46}.Debug|Any CPU.ActiveCfg = Debug|Any CPU
		{D8913A1B-BA2C-4A41-99C3-BC5E6902AE46}.Debug|Any CPU.Build.0 = Debug|Any CPU
		{D8913A1B-BA2C-4A41-99C3-BC5E6902AE46}.Release|Any CPU.ActiveCfg = Release|Any CPU
		{D8913A1B-BA2C-4A41-99C3-BC5E6902AE46}.Release|Any CPU.Build.0 = Release|Any CPU
	EndGlobalSection
	GlobalSection(SolutionProperties) = preSolution
		HideSolutionNode = FALSE
	EndGlobalSection
	GlobalSection(ExtensibilityGlobals) = postSolution
		SolutionGuid = {0AC7FBF9-B082-4137-8B17-855D2041DFA9}
	EndGlobalSection
EndGlobal
